PODS:
  - TDBSplashscreen (1.0.0)

DEPENDENCIES:
  - TDBSplashscreen (from `git@github.com:TitouanVanBelle/TDBSplashscreen.git`)

EXTERNAL SOURCES:
  TDBSplashscreen:
    :git: git@github.com:TitouanVanBelle/TDBSplashscreen.git

SPEC CHECKSUMS:
  TDBSplashscreen: 08920a9d8a3934cb2d71493bdb58a396e3ea58ea

COCOAPODS: 0.32.1
