// !$*UTF8*$!
{
	archiveVersion = 1;
	classes = {
	};
	objectVersion = 46;
	objects = {

/* Begin PBXBuildFile section */
		F3242373190584BD00F3FD4F /* Foundation.framework in Frameworks */ = {isa = PBXBuildFile; fileRef = F3242372190584BD00F3FD4F /* Foundation.framework */; };
		F3242375190584BD00F3FD4F /* CoreGraphics.framework in Frameworks */ = {isa = PBXBuildFile; fileRef = F3242374190584BD00F3FD4F /* CoreGraphics.framework */; };
		F3242377190584BD00F3FD4F /* UIKit.framework in Frameworks */ = {isa = PBXBuildFile; fileRef = F3242376190584BD00F3FD4F /* UIKit.framework */; };
		F32423B119069E0900F3FD4F /* main.m in Sources */ = {isa = PBXBuildFile; fileRef = F32423A819069E0900F3FD4F /* main.m */; };
		F32423B219069E0900F3FD4F /* TDBAppDelegate.m in Sources */ = {isa = PBXBuildFile; fileRef = F32423AA19069E0900F3FD4F /* TDBAppDelegate.m */; };
		F3A23C341906C57A00551E77 /* Images.xcassets in Resources */ = {isa = PBXBuildFile; fileRef = F3A23C301906C57A00551E77 /* Images.xcassets */; };
		F3A23C351906C57A00551E77 /* InfoPlist.strings in Resources */ = {isa = PBXBuildFile; fileRef = F3A23C321906C57A00551E77 /* InfoPlist.strings */; };
		F3A23C3B1906C58100551E77 /* TDBSplashscreen.m in Sources */ = {isa = PBXBuildFile; fileRef = F3A23C381906C58100551E77 /* TDBSplashscreen.m */; };
		F3A23C3C1906C58100551E77 /* TDBSplashViewController.m in Sources */ = {isa = PBXBuildFile; fileRef = F3A23C3A1906C58100551E77 /* TDBSplashViewController.m */; };
/* End PBXBuildFile section */

/* Begin PBXFileReference section */
		F324236F190584BD00F3FD4F /* TDBSplashscreen.app */ = {isa = PBXFileReference; explicitFileType = wrapper.application; includeInIndex = 0; path = TDBSplashscreen.app; sourceTree = BUILT_PRODUCTS_DIR; };
		F3242372190584BD00F3FD4F /* Foundation.framework */ = {isa = PBXFileReference; lastKnownFileType = wrapper.framework; name = Foundation.framework; path = System/Library/Frameworks/Foundation.framework; sourceTree = SDKROOT; };
		F3242374190584BD00F3FD4F /* CoreGraphics.framework */ = {isa = PBXFileReference; lastKnownFileType = wrapper.framework; name = CoreGraphics.framework; path = System/Library/Frameworks/CoreGraphics.framework; sourceTree = SDKROOT; };
		F3242376190584BD00F3FD4F /* UIKit.framework */ = {isa = PBXFileReference; lastKnownFileType = wrapper.framework; name = UIKit.framework; path = System/Library/Frameworks/UIKit.framework; sourceTree = SDKROOT; };
		F324238B190584BD00F3FD4F /* XCTest.framework */ = {isa = PBXFileReference; lastKnownFileType = wrapper.framework; name = XCTest.framework; path = Library/Frameworks/XCTest.framework; sourceTree = DEVELOPER_DIR; };
		F32423A819069E0900F3FD4F /* main.m */ = {isa = PBXFileReference; fileEncoding = 4; lastKnownFileType = sourcecode.c.objc; path = main.m; sourceTree = "<group>"; };
		F32423A919069E0900F3FD4F /* TDBAppDelegate.h */ = {isa = PBXFileReference; fileEncoding = 4; lastKnownFileType = sourcecode.c.h; path = TDBAppDelegate.h; sourceTree = "<group>"; };
		F32423AA19069E0900F3FD4F /* TDBAppDelegate.m */ = {isa = PBXFileReference; fileEncoding = 4; lastKnownFileType = sourcecode.c.objc; path = TDBAppDelegate.m; sourceTree = "<group>"; };
		F32423AB19069E0900F3FD4F /* TDBSplashscreen-Info.plist */ = {isa = PBXFileReference; fileEncoding = 4; lastKnownFileType = text.plist.xml; path = "TDBSplashscreen-Info.plist"; sourceTree = "<group>"; };
		F32423AC19069E0900F3FD4F /* TDBSplashscreen-Prefix.pch */ = {isa = PBXFileReference; fileEncoding = 4; lastKnownFileType = sourcecode.c.h; path = "TDBSplashscreen-Prefix.pch"; sourceTree = "<group>"; };
		F3A23C301906C57A00551E77 /* Images.xcassets */ = {isa = PBXFileReference; lastKnownFileType = folder.assetcatalog; path = Images.xcassets; sourceTree = "<group>"; };
		F3A23C331906C57A00551E77 /* en */ = {isa = PBXFileReference; lastKnownFileType = text.plist.strings; name = en; path = en.lproj/InfoPlist.strings; sourceTree = "<group>"; };
		F3A23C371906C58100551E77 /* TDBSplashscreen.h */ = {isa = PBXFileReference; fileEncoding = 4; lastKnownFileType = sourcecode.c.h; path = TDBSplashscreen.h; sourceTree = "<group>"; };
		F3A23C381906C58100551E77 /* TDBSplashscreen.m */ = {isa = PBXFileReference; fileEncoding = 4; lastKnownFileType = sourcecode.c.objc; path = TDBSplashscreen.m; sourceTree = "<group>"; };
		F3A23C391906C58100551E77 /* TDBSplashViewController.h */ = {isa = PBXFileReference; fileEncoding = 4; lastKnownFileType = sourcecode.c.h; path = TDBSplashViewController.h; sourceTree = "<group>"; };
		F3A23C3A1906C58100551E77 /* TDBSplashViewController.m */ = {isa = PBXFileReference; fileEncoding = 4; lastKnownFileType = sourcecode.c.objc; path = TDBSplashViewController.m; sourceTree = "<group>"; };
/* End PBXFileReference section */

/* Begin PBXFrameworksBuildPhase section */
		F324236C190584BD00F3FD4F /* Frameworks */ = {
			isa = PBXFrameworksBuildPhase;
			buildActionMask = 2147483647;
			files = (
				F3242375190584BD00F3FD4F /* CoreGraphics.framework in Frameworks */,
				F3242377190584BD00F3FD4F /* UIKit.framework in Frameworks */,
				F3242373190584BD00F3FD4F /* Foundation.framework in Frameworks */,
			);
			runOnlyForDeploymentPostprocessing = 0;
		};
/* End PBXFrameworksBuildPhase section */

/* Begin PBXGroup section */
		F3242366190584BD00F3FD4F = {
			isa = PBXGroup;
			children = (
				F3A23C2F1906C57A00551E77 /* Assets */,
				F3A23C311906C57A00551E77 /* Strings */,
				F32423A419069E0900F3FD4F /* Classes */,
				F3242371190584BD00F3FD4F /* Frameworks */,
				F3242370190584BD00F3FD4F /* Products */,
			);
			sourceTree = "<group>";
		};
		F3242370190584BD00F3FD4F /* Products */ = {
			isa = PBXGroup;
			children = (
				F324236F190584BD00F3FD4F /* TDBSplashscreen.app */,
			);
			name = Products;
			sourceTree = "<group>";
		};
		F3242371190584BD00F3FD4F /* Frameworks */ = {
			isa = PBXGroup;
			children = (
				F3242372190584BD00F3FD4F /* Foundation.framework */,
				F3242374190584BD00F3FD4F /* CoreGraphics.framework */,
				F3242376190584BD00F3FD4F /* UIKit.framework */,
				F324238B190584BD00F3FD4F /* XCTest.framework */,
			);
			name = Frameworks;
			sourceTree = "<group>";
		};
		F32423A419069E0900F3FD4F /* Classes */ = {
			isa = PBXGroup;
			children = (
				F32423A919069E0900F3FD4F /* TDBAppDelegate.h */,
				F32423AA19069E0900F3FD4F /* TDBAppDelegate.m */,
				F3A23C361906C58100551E77 /* TDBSplashscreen */,
				F32423B719069E2600F3FD4F /* Supporting Files */,
			);
			path = Classes;
			sourceTree = "<group>";
		};
		F32423B719069E2600F3FD4F /* Supporting Files */ = {
			isa = PBXGroup;
			children = (
				F32423A819069E0900F3FD4F /* main.m */,
				F32423AB19069E0900F3FD4F /* TDBSplashscreen-Info.plist */,
				F32423AC19069E0900F3FD4F /* TDBSplashscreen-Prefix.pch */,
			);
			name = "Supporting Files";
			sourceTree = "<group>";
		};
		F3A23C2F1906C57A00551E77 /* Assets */ = {
			isa = PBXGroup;
			children = (
				F3A23C301906C57A00551E77 /* Images.xcassets */,
			);
			path = Assets;
			sourceTree = "<group>";
		};
		F3A23C311906C57A00551E77 /* Strings */ = {
			isa = PBXGroup;
			children = (
				F3A23C321906C57A00551E77 /* InfoPlist.strings */,
			);
			path = Strings;
			sourceTree = "<group>";
		};
		F3A23C361906C58100551E77 /* TDBSplashscreen */ = {
			isa = PBXGroup;
			children = (
				F3A23C371906C58100551E77 /* TDBSplashscreen.h */,
				F3A23C381906C58100551E77 /* TDBSplashscreen.m */,
				F3A23C391906C58100551E77 /* TDBSplashViewController.h */,
				F3A23C3A1906C58100551E77 /* TDBSplashViewController.m */,
			);
			path = TDBSplashscreen;
			sourceTree = "<group>";
		};
/* End PBXGroup section */

/* Begin PBXNativeTarget section */
		F324236E190584BD00F3FD4F /* TDBSplashscreen */ = {
			isa = PBXNativeTarget;
			buildConfigurationList = F324239B190584BD00F3FD4F /* Build configuration list for PBXNativeTarget "TDBSplashscreen" */;
			buildPhases = (
				F324236B190584BD00F3FD4F /* Sources */,
				F324236C190584BD00F3FD4F /* Frameworks */,
				F324236D190584BD00F3FD4F /* Resources */,
			);
			buildRules = (
			);
			dependencies = (
			);
			name = TDBSplashscreen;
			productName = 3dB;
			productReference = F324236F190584BD00F3FD4F /* TDBSplashscreen.app */;
			productType = "com.apple.product-type.application";
		};
/* End PBXNativeTarget section */

/* Begin PBXProject section */
		F3242367190584BD00F3FD4F /* Project object */ = {
			isa = PBXProject;
			attributes = {
				CLASSPREFIX = 3dB;
				LastUpgradeCheck = 0510;
				ORGANIZATIONNAME = 3dB;
			};
			buildConfigurationList = F324236A190584BD00F3FD4F /* Build configuration list for PBXProject "TDBSplashscreen" */;
			compatibilityVersion = "Xcode 3.2";
			developmentRegion = English;
			hasScannedForEncodings = 0;
			knownRegions = (
				en,
			);
			mainGroup = F3242366190584BD00F3FD4F;
			productRefGroup = F3242370190584BD00F3FD4F /* Products */;
			projectDirPath = "";
			projectRoot = "";
			targets = (
				F324236E190584BD00F3FD4F /* TDBSplashscreen */,
			);
		};
/* End PBXProject section */

/* Begin PBXResourcesBuildPhase section */
		F324236D190584BD00F3FD4F /* Resources */ = {
			isa = PBXResourcesBuildPhase;
			buildActionMask = 2147483647;
			files = (
				F3A23C341906C57A00551E77 /* Images.xcassets in Resources */,
				F3A23C351906C57A00551E77 /* InfoPlist.strings in Resources */,
			);
			runOnlyForDeploymentPostprocessing = 0;
		};
/* End PBXResourcesBuildPhase section */

/* Begin PBXSourcesBuildPhase section */
		F324236B190584BD00F3FD4F /* Sources */ = {
			isa = PBXSourcesBuildPhase;
			buildActionMask = 2147483647;
			files = (
				F3A23C3C1906C58100551E77 /* TDBSplashViewController.m in Sources */,
				F3A23C3B1906C58100551E77 /* TDBSplashscreen.m in Sources */,
				F32423B119069E0900F3FD4F /* main.m in Sources */,
				F32423B219069E0900F3FD4F /* TDBAppDelegate.m in Sources */,
			);
			runOnlyForDeploymentPostprocessing = 0;
		};
/* End PBXSourcesBuildPhase section */

/* Begin PBXVariantGroup section */
		F3A23C321906C57A00551E77 /* InfoPlist.strings */ = {
			isa = PBXVariantGroup;
			children = (
				F3A23C331906C57A00551E77 /* en */,
			);
			name = InfoPlist.strings;
			sourceTree = "<group>";
		};
/* End PBXVariantGroup section */

/* Begin XCBuildConfiguration section */
		F3242399190584BD00F3FD4F /* Debug */ = {
			isa = XCBuildConfiguration;
			buildSettings = {
				ALWAYS_SEARCH_USER_PATHS = NO;
				CLANG_CXX_LANGUAGE_STANDARD = "gnu++0x";
				CLANG_CXX_LIBRARY = "libc++";
				CLANG_ENABLE_MODULES = YES;
				CLANG_ENABLE_OBJC_ARC = YES;
				CLANG_WARN_BOOL_CONVERSION = YES;
				CLANG_WARN_CONSTANT_CONVERSION = YES;
				CLANG_WARN_DIRECT_OBJC_ISA_USAGE = YES_ERROR;
				CLANG_WARN_EMPTY_BODY = YES;
				CLANG_WARN_ENUM_CONVERSION = YES;
				CLANG_WARN_INT_CONVERSION = YES;
				CLANG_WARN_OBJC_ROOT_CLASS = YES_ERROR;
				CLANG_WARN__DUPLICATE_METHOD_MATCH = YES;
				"CODE_SIGN_IDENTITY[sdk=iphoneos*]" = "iPhone Developer";
				COPY_PHASE_STRIP = NO;
				GCC_C_LANGUAGE_STANDARD = gnu99;
				GCC_DYNAMIC_NO_PIC = NO;
				GCC_OPTIMIZATION_LEVEL = 0;
				GCC_PREPROCESSOR_DEFINITIONS = (
					"DEBUG=1",
					"$(inherited)",
				);
				GCC_SYMBOLS_PRIVATE_EXTERN = NO;
				GCC_WARN_64_TO_32_BIT_CONVERSION = YES;
				GCC_WARN_ABOUT_RETURN_TYPE = YES_ERROR;
				GCC_WARN_UNDECLARED_SELECTOR = YES;
				GCC_WARN_UNINITIALIZED_AUTOS = YES_AGGRESSIVE;
				GCC_WARN_UNUSED_FUNCTION = YES;
				GCC_WARN_UNUSED_VARIABLE = YES;
				IPHONEOS_DEPLOYMENT_TARGET = 7.0;
				ONLY_ACTIVE_ARCH = YES;
				SDKROOT = iphoneos;
				TARGETED_DEVICE_FAMILY = "1,2";
			};
			name = Debug;
		};
		F324239A190584BD00F3FD4F /* Release */ = {
			isa = XCBuildConfiguration;
			buildSettings = {
				ALWAYS_SEARCH_USER_PATHS = NO;
				CLANG_CXX_LANGUAGE_STANDARD = "gnu++0x";
				CLANG_CXX_LIBRARY = "libc++";
				CLANG_ENABLE_MODULES = YES;
				CLANG_ENABLE_OBJC_ARC = YES;
				CLANG_WARN_BOOL_CONVERSION = YES;
				CLANG_WARN_CONSTANT_CONVERSION = YES;
				CLANG_WARN_DIRECT_OBJC_ISA_USAGE = YES_ERROR;
				CLANG_WARN_EMPTY_BODY = YES;
				CLANG_WARN_ENUM_CONVERSION = YES;
				CLANG_WARN_INT_CONVERSION = YES;
				CLANG_WARN_OBJC_ROOT_CLASS = YES_ERROR;
				CLANG_WARN__DUPLICATE_METHOD_MATCH = YES;
				"CODE_SIGN_IDENTITY[sdk=iphoneos*]" = "iPhone Developer";
				COPY_PHASE_STRIP = YES;
				ENABLE_NS_ASSERTIONS = NO;
				GCC_C_LANGUAGE_STANDARD = gnu99;
				GCC_WARN_64_TO_32_BIT_CONVERSION = YES;
				GCC_WARN_ABOUT_RETURN_TYPE = YES_ERROR;
				GCC_WARN_UNDECLARED_SELECTOR = YES;
				GCC_WARN_UNINITIALIZED_AUTOS = YES_AGGRESSIVE;
				GCC_WARN_UNUSED_FUNCTION = YES;
				GCC_WARN_UNUSED_VARIABLE = YES;
				IPHONEOS_DEPLOYMENT_TARGET = 7.0;
				SDKROOT = iphoneos;
				TARGETED_DEVICE_FAMILY = "1,2";
				VALIDATE_PRODUCT = YES;
			};
			name = Release;
		};
		F324239C190584BD00F3FD4F /* Debug */ = {
			isa = XCBuildConfiguration;
			buildSettings = {
				ASSETCATALOG_COMPILER_APPICON_NAME = AppIcon;
				ASSETCATALOG_COMPILER_LAUNCHIMAGE_NAME = LaunchImage;
				GCC_PRECOMPILE_PREFIX_HEADER = YES;
				GCC_PREFIX_HEADER = "Classes/TDBSplashscreen-Prefix.pch";
				INFOPLIST_FILE = "Classes/TDBSplashscreen-Info.plist";
				PRODUCT_NAME = "$(TARGET_NAME)";
				WRAPPER_EXTENSION = app;
			};
			name = Debug;
		};
		F324239D190584BD00F3FD4F /* Release */ = {
			isa = XCBuildConfiguration;
			buildSettings = {
				ASSETCATALOG_COMPILER_APPICON_NAME = AppIcon;
				ASSETCATALOG_COMPILER_LAUNCHIMAGE_NAME = LaunchImage;
				GCC_PRECOMPILE_PREFIX_HEADER = YES;
				GCC_PREFIX_HEADER = "Classes/TDBSplashscreen-Prefix.pch";
				INFOPLIST_FILE = "Classes/TDBSplashscreen-Info.plist";
				PRODUCT_NAME = "$(TARGET_NAME)";
				WRAPPER_EXTENSION = app;
			};
			name = Release;
		};
/* End XCBuildConfiguration section */

/* Begin XCConfigurationList section */
		F324236A190584BD00F3FD4F /* Build configuration list for PBXProject "TDBSplashscreen" */ = {
			isa = XCConfigurationList;
			buildConfigurations = (
				F3242399190584BD00F3FD4F /* Debug */,
				F324239A190584BD00F3FD4F /* Release */,
			);
			defaultConfigurationIsVisible = 0;
			defaultConfigurationName = Release;
		};
		F324239B190584BD00F3FD4F /* Build configuration list for PBXNativeTarget "TDBSplashscreen" */ = {
			isa = XCConfigurationList;
			buildConfigurations = (
				F324239C190584BD00F3FD4F /* Debug */,
				F324239D190584BD00F3FD4F /* Release */,
			);
			defaultConfigurationIsVisible = 0;
			defaultConfigurationName = Release;
		};
/* End XCConfigurationList section */
	};
	rootObject = F3242367190584BD00F3FD4F /* Project object */;
}
